
Microsoft Visual Studio Solution File, Format Version 12.00
# Visual Studio Version 16
VisualStudioVersion = 16.0.29009.5
MinimumVisualStudioVersion = 10.0.40219.1
Project("{FAE04EC0-301F-11D3-BF4B-00C04F79EFBC}") = "Deliverable 1 - Currency Converter", "Deliverable 1 - Currency Converter\Deliverable 1 - Currency Converter.csproj", "{5F360ED2-12B9-46C3-AB4E-71809DD65458}"
EndProject
Global
	GlobalSection(SolutionConfigurationPlatforms) = preSolution
		Debug|Any CPU = Debug|Any CPU
		Release|Any CPU = Release|Any CPU
	EndGlobalSection
	GlobalSection(ProjectConfigurationPlatforms) = postSolution
		{5F360ED2-12B9-46C3-AB4E-71809DD65458}.Debug|Any CPU.ActiveCfg = Debug|Any CPU
		{5F360ED2-12B9-46C3-AB4E-71809DD65458}.Debug|Any CPU.Build.0 = Debug|Any CPU
		{5F360ED2-12B9-46C3-AB4E-71809DD65458}.Release|Any CPU.ActiveCfg = Release|Any CPU
		{5F360ED2-12B9-46C3-AB4E-71809DD65458}.Release|Any CPU.Build.0 = Release|Any CPU
	EndGlobalSection
	GlobalSection(SolutionProperties) = preSolution
		HideSolutionNode = FALSE
	EndGlobalSection
	GlobalSection(ExtensibilityGlobals) = postSolution
		SolutionGuid = {F18941A3-CC40-4D98-8AF7-39E3DEC060D0}
	EndGlobalSection
EndGlobal
